
Microsoft Visual Studio Solution File, Format Version 12.00
# Visual Studio Version 16
VisualStudioVersion = 16.0.31605.320
MinimumVisualStudioVersion = 10.0.40219.1
Project("{FAE04EC0-301F-11D3-BF4B-00C04F79EFBC}") = "DataModel", "DataModel\DataModel.csproj", "{95F32970-9FD5-4A62-A586-93C3AC32E629}"
EndProject
Project("{FAE04EC0-301F-11D3-BF4B-00C04F79EFBC}") = "Services", "BusinessServices\Services.csproj", "{5238A8F8-DD8D-4980-A85D-1EB4F0A92D91}"
EndProject
Project("{FAE04EC0-301F-11D3-BF4B-00C04F79EFBC}") = "WebApp", "WebApp\WebApp.csproj", "{43FA24C9-65C4-4A04-B6FB-BDF779273C4A}"
EndProject
Project("{FAE04EC0-301F-11D3-BF4B-00C04F79EFBC}") = "WebApp.Tests", "WebApp.Tests\WebApp.Tests.csproj", "{7F724B92-DC2D-4F0E-A3B8-071DBEB8D654}"
EndProject
Project("{FAE04EC0-301F-11D3-BF4B-00C04F79EFBC}") = "BusinessEntity", "BusinessEntity\BusinessEntity.csproj", "{80C2142E-AD2D-4534-9000-E3C5867C8C3F}"
EndProject
Global
	GlobalSection(SolutionConfigurationPlatforms) = preSolution
		Debug|Any CPU = Debug|Any CPU
		Release|Any CPU = Release|Any CPU
	EndGlobalSection
	GlobalSection(ProjectConfigurationPlatforms) = postSolution
		{95F32970-9FD5-4A62-A586-93C3AC32E629}.Debug|Any CPU.ActiveCfg = Debug|Any CPU
		{95F32970-9FD5-4A62-A586-93C3AC32E629}.Debug|Any CPU.Build.0 = Debug|Any CPU
		{95F32970-9FD5-4A62-A586-93C3AC32E629}.Release|Any CPU.ActiveCfg = Release|Any CPU
		{95F32970-9FD5-4A62-A586-93C3AC32E629}.Release|Any CPU.Build.0 = Release|Any CPU
		{5238A8F8-DD8D-4980-A85D-1EB4F0A92D91}.Debug|Any CPU.ActiveCfg = Debug|Any CPU
		{5238A8F8-DD8D-4980-A85D-1EB4F0A92D91}.Debug|Any CPU.Build.0 = Debug|Any CPU
		{5238A8F8-DD8D-4980-A85D-1EB4F0A92D91}.Release|Any CPU.ActiveCfg = Release|Any CPU
		{5238A8F8-DD8D-4980-A85D-1EB4F0A92D91}.Release|Any CPU.Build.0 = Release|Any CPU
		{43FA24C9-65C4-4A04-B6FB-BDF779273C4A}.Debug|Any CPU.ActiveCfg = Debug|Any CPU
		{43FA24C9-65C4-4A04-B6FB-BDF779273C4A}.Debug|Any CPU.Build.0 = Debug|Any CPU
		{43FA24C9-65C4-4A04-B6FB-BDF779273C4A}.Release|Any CPU.ActiveCfg = Release|Any CPU
		{43FA24C9-65C4-4A04-B6FB-BDF779273C4A}.Release|Any CPU.Build.0 = Release|Any CPU
		{7F724B92-DC2D-4F0E-A3B8-071DBEB8D654}.Debug|Any CPU.ActiveCfg = Debug|Any CPU
		{7F724B92-DC2D-4F0E-A3B8-071DBEB8D654}.Debug|Any CPU.Build.0 = Debug|Any CPU
		{7F724B92-DC2D-4F0E-A3B8-071DBEB8D654}.Release|Any CPU.ActiveCfg = Release|Any CPU
		{7F724B92-DC2D-4F0E-A3B8-071DBEB8D654}.Release|Any CPU.Build.0 = Release|Any CPU
		{80C2142E-AD2D-4534-9000-E3C5867C8C3F}.Debug|Any CPU.ActiveCfg = Debug|Any CPU
		{80C2142E-AD2D-4534-9000-E3C5867C8C3F}.Debug|Any CPU.Build.0 = Debug|Any CPU
		{80C2142E-AD2D-4534-9000-E3C5867C8C3F}.Release|Any CPU.ActiveCfg = Release|Any CPU
		{80C2142E-AD2D-4534-9000-E3C5867C8C3F}.Release|Any CPU.Build.0 = Release|Any CPU
	EndGlobalSection
	GlobalSection(SolutionProperties) = preSolution
		HideSolutionNode = FALSE
	EndGlobalSection
	GlobalSection(ExtensibilityGlobals) = postSolution
		SolutionGuid = {9F294B83-0705-4D29-A214-6F28B60E175C}
	EndGlobalSection
EndGlobal
